
Microsoft Visual Studio Solution File, Format Version 12.00
# Visual Studio Version 16
VisualStudioVersion = 16.0.31129.286
MinimumVisualStudioVersion = 10.0.40219.1
Project("{2150E333-8FDC-42A3-9474-1A3956D46DE8}") = "Services", "Services", "{09DF6F8A-538B-43A8-B470-4B02A836CC4C}"
EndProject
Project("{2150E333-8FDC-42A3-9474-1A3956D46DE8}") = "CachingObjects", "CachingObjects", "{3998E198-CDB3-4F6C-BAD3-1BACE4291B4E}"
EndProject
Project("{9A19103F-16F7-4668-BE54-9A1E7A4F7556}") = "CachingObjectsWorkerService", "src\CachingObjects\CachingObjectsWorkerService\CachingObjectsWorkerService.csproj", "{39893DD0-275F-4C2A-A87C-06C63CEECD62}"
EndProject
Project("{9A19103F-16F7-4668-BE54-9A1E7A4F7556}") = "CachingObjects.UnitTests", "src\CachingObjects\CachingObjects.UnitTests\CachingObjects.UnitTests.csproj", "{BC3491F4-57C4-403B-B6BC-84E3CFB527FF}"
EndProject
Project("{E53339B2-1760-4266-BCC7-CA923CBCF16C}") = "docker-compose", "docker-compose.dcproj", "{4677B5D8-A89A-44B5-AD2A-CFFADE806689}"
EndProject
Global
	GlobalSection(SolutionConfigurationPlatforms) = preSolution
		Debug|Any CPU = Debug|Any CPU
		Release|Any CPU = Release|Any CPU
	EndGlobalSection
	GlobalSection(ProjectConfigurationPlatforms) = postSolution
		{39893DD0-275F-4C2A-A87C-06C63CEECD62}.Debug|Any CPU.ActiveCfg = Debug|Any CPU
		{39893DD0-275F-4C2A-A87C-06C63CEECD62}.Debug|Any CPU.Build.0 = Debug|Any CPU
		{39893DD0-275F-4C2A-A87C-06C63CEECD62}.Release|Any CPU.ActiveCfg = Release|Any CPU
		{39893DD0-275F-4C2A-A87C-06C63CEECD62}.Release|Any CPU.Build.0 = Release|Any CPU
		{BC3491F4-57C4-403B-B6BC-84E3CFB527FF}.Debug|Any CPU.ActiveCfg = Debug|Any CPU
		{BC3491F4-57C4-403B-B6BC-84E3CFB527FF}.Debug|Any CPU.Build.0 = Debug|Any CPU
		{BC3491F4-57C4-403B-B6BC-84E3CFB527FF}.Release|Any CPU.ActiveCfg = Release|Any CPU
		{BC3491F4-57C4-403B-B6BC-84E3CFB527FF}.Release|Any CPU.Build.0 = Release|Any CPU
		{4677B5D8-A89A-44B5-AD2A-CFFADE806689}.Debug|Any CPU.ActiveCfg = Debug|Any CPU
		{4677B5D8-A89A-44B5-AD2A-CFFADE806689}.Debug|Any CPU.Build.0 = Debug|Any CPU
		{4677B5D8-A89A-44B5-AD2A-CFFADE806689}.Release|Any CPU.ActiveCfg = Release|Any CPU
		{4677B5D8-A89A-44B5-AD2A-CFFADE806689}.Release|Any CPU.Build.0 = Release|Any CPU
	EndGlobalSection
	GlobalSection(SolutionProperties) = preSolution
		HideSolutionNode = FALSE
	EndGlobalSection
	GlobalSection(NestedProjects) = preSolution
		{39893DD0-275F-4C2A-A87C-06C63CEECD62} = {3998E198-CDB3-4F6C-BAD3-1BACE4291B4E}
		{BC3491F4-57C4-403B-B6BC-84E3CFB527FF} = {3998E198-CDB3-4F6C-BAD3-1BACE4291B4E}
	EndGlobalSection
	GlobalSection(ExtensibilityGlobals) = postSolution
		SolutionGuid = {AC13AA49-BF31-45C5-AD80-C15E119A09B2}
	EndGlobalSection
EndGlobal
